// !$*UTF8*$!
{
	archiveVersion = 1;
	classes = {
	};
	objectVersion = 56;
	objects = {

/* Begin PBXBuildFile section */
		AC4AAE8A2BECF5FD0088D567 /* LandMarksApp.swift in Sources */ = {isa = PBXBuildFile; fileRef = AC4AAE892BECF5FD0088D567 /* LandMarksApp.swift */; };
		AC4AAE8C2BECF5FD0088D567 /* ContentView.swift in Sources */ = {isa = PBXBuildFile; fileRef = AC4AAE8B2BECF5FD0088D567 /* ContentView.swift */; };
		AC4AAE8E2BECF5FE0088D567 /* Assets.xcassets in Resources */ = {isa = PBXBuildFile; fileRef = AC4AAE8D2BECF5FE0088D567 /* Assets.xcassets */; };
		AC4AAE912BECF5FE0088D567 /* Preview Assets.xcassets in Resources */ = {isa = PBXBuildFile; fileRef = AC4AAE902BECF5FE0088D567 /* Preview Assets.xcassets */; };
		AC4AAE982BED03300088D567 /* CircleImage.swift in Sources */ = {isa = PBXBuildFile; fileRef = AC4AAE972BED03300088D567 /* CircleImage.swift */; };
		AC4AAE9A2BED05900088D567 /* MapView.swift in Sources */ = {isa = PBXBuildFile; fileRef = AC4AAE992BED05900088D567 /* MapView.swift */; };
		AC4AAE9D2BEE018A0088D567 /* Landmark.swift in Sources */ = {isa = PBXBuildFile; fileRef = AC4AAE9C2BEE018A0088D567 /* Landmark.swift */; };
		AC4AAE9F2BEE03570088D567 /* ModelData.swift in Sources */ = {isa = PBXBuildFile; fileRef = AC4AAE9E2BEE03570088D567 /* ModelData.swift */; };
		AC4AAEA22BEE05730088D567 /* LandmarkRow.swift in Sources */ = {isa = PBXBuildFile; fileRef = AC4AAEA12BEE05730088D567 /* LandmarkRow.swift */; };
		AC4AAEA82BEE08210088D567 /* landmarkData.json in Resources */ = {isa = PBXBuildFile; fileRef = AC4AAEA72BEE08210088D567 /* landmarkData.json */; };
		AC4AAEAA2BEE0A530088D567 /* LandmarkList.swift in Sources */ = {isa = PBXBuildFile; fileRef = AC4AAEA92BEE0A530088D567 /* LandmarkList.swift */; };
		AC4AAEAC2BEE0BBD0088D567 /* LandmarkDetail.swift in Sources */ = {isa = PBXBuildFile; fileRef = AC4AAEAB2BEE0BBD0088D567 /* LandmarkDetail.swift */; };
		AC4AAEC82BEE7DA30088D567 /* FavoriteButton.swift in Sources */ = {isa = PBXBuildFile; fileRef = AC4AAEC72BEE7DA30088D567 /* FavoriteButton.swift */; };
/* End PBXBuildFile section */

/* Begin PBXFileReference section */
		AC4AAE862BECF5FD0088D567 /* LandMarks.app */ = {isa = PBXFileReference; explicitFileType = wrapper.application; includeInIndex = 0; path = LandMarks.app; sourceTree = BUILT_PRODUCTS_DIR; };
		AC4AAE892BECF5FD0088D567 /* LandMarksApp.swift */ = {isa = PBXFileReference; lastKnownFileType = sourcecode.swift; path = LandMarksApp.swift; sourceTree = "<group>"; };
		AC4AAE8B2BECF5FD0088D567 /* ContentView.swift */ = {isa = PBXFileReference; lastKnownFileType = sourcecode.swift; path = ContentView.swift; sourceTree = "<group>"; };
		AC4AAE8D2BECF5FE0088D567 /* Assets.xcassets */ = {isa = PBXFileReference; lastKnownFileType = folder.assetcatalog; path = Assets.xcassets; sourceTree = "<group>"; };
		AC4AAE902BECF5FE0088D567 /* Preview Assets.xcassets */ = {isa = PBXFileReference; lastKnownFileType = folder.assetcatalog; path = "Preview Assets.xcassets"; sourceTree = "<group>"; };
		AC4AAE972BED03300088D567 /* CircleImage.swift */ = {isa = PBXFileReference; lastKnownFileType = sourcecode.swift; path = CircleImage.swift; sourceTree = "<group>"; };
		AC4AAE992BED05900088D567 /* MapView.swift */ = {isa = PBXFileReference; lastKnownFileType = sourcecode.swift; path = MapView.swift; sourceTree = "<group>"; };
		AC4AAE9C2BEE018A0088D567 /* Landmark.swift */ = {isa = PBXFileReference; lastKnownFileType = sourcecode.swift; path = Landmark.swift; sourceTree = "<group>"; };
		AC4AAE9E2BEE03570088D567 /* ModelData.swift */ = {isa = PBXFileReference; lastKnownFileType = sourcecode.swift; path = ModelData.swift; sourceTree = "<group>"; };
		AC4AAEA12BEE05730088D567 /* LandmarkRow.swift */ = {isa = PBXFileReference; lastKnownFileType = sourcecode.swift; path = LandmarkRow.swift; sourceTree = "<group>"; };
		AC4AAEA72BEE08210088D567 /* landmarkData.json */ = {isa = PBXFileReference; fileEncoding = 4; lastKnownFileType = text.json; path = landmarkData.json; sourceTree = "<group>"; };
		AC4AAEA92BEE0A530088D567 /* LandmarkList.swift */ = {isa = PBXFileReference; lastKnownFileType = sourcecode.swift; path = LandmarkList.swift; sourceTree = "<group>"; };
		AC4AAEAB2BEE0BBD0088D567 /* LandmarkDetail.swift */ = {isa = PBXFileReference; lastKnownFileType = sourcecode.swift; path = LandmarkDetail.swift; sourceTree = "<group>"; };
		AC4AAEC72BEE7DA30088D567 /* FavoriteButton.swift */ = {isa = PBXFileReference; lastKnownFileType = sourcecode.swift; path = FavoriteButton.swift; sourceTree = "<group>"; };
/* End PBXFileReference section */

/* Begin PBXFrameworksBuildPhase section */
		AC4AAE832BECF5FD0088D567 /* Frameworks */ = {
			isa = PBXFrameworksBuildPhase;
			buildActionMask = 2147483647;
			files = (
			);
			runOnlyForDeploymentPostprocessing = 0;
		};
/* End PBXFrameworksBuildPhase section */

/* Begin PBXGroup section */
		AC4AAE7D2BECF5FD0088D567 = {
			isa = PBXGroup;
			children = (
				AC4AAE882BECF5FD0088D567 /* LandMarks */,
				AC4AAE872BECF5FD0088D567 /* Products */,
			);
			sourceTree = "<group>";
		};
		AC4AAE872BECF5FD0088D567 /* Products */ = {
			isa = PBXGroup;
			children = (
				AC4AAE862BECF5FD0088D567 /* LandMarks.app */,
			);
			name = Products;
			sourceTree = "<group>";
		};
		AC4AAE882BECF5FD0088D567 /* LandMarks */ = {
			isa = PBXGroup;
			children = (
				AC4AAE892BECF5FD0088D567 /* LandMarksApp.swift */,
				AC4AAEC92BEE7E460088D567 /* Helper */,
				AC4AAEA62BEE08150088D567 /* Resources */,
				AC4AAEA02BEE03B00088D567 /* Views */,
				AC4AAE9B2BEE01760088D567 /* Model */,
				AC4AAE8D2BECF5FE0088D567 /* Assets.xcassets */,
				AC4AAE8F2BECF5FE0088D567 /* Preview Content */,
			);
			path = LandMarks;
			sourceTree = "<group>";
		};
		AC4AAE8F2BECF5FE0088D567 /* Preview Content */ = {
			isa = PBXGroup;
			children = (
				AC4AAE902BECF5FE0088D567 /* Preview Assets.xcassets */,
			);
			path = "Preview Content";
			sourceTree = "<group>";
		};
		AC4AAE9B2BEE01760088D567 /* Model */ = {
			isa = PBXGroup;
			children = (
				AC4AAE9C2BEE018A0088D567 /* Landmark.swift */,
				AC4AAE9E2BEE03570088D567 /* ModelData.swift */,
			);
			path = Model;
			sourceTree = "<group>";
		};
		AC4AAEA02BEE03B00088D567 /* Views */ = {
			isa = PBXGroup;
			children = (
				AC4AAE8B2BECF5FD0088D567 /* ContentView.swift */,
				AC4AAEA12BEE05730088D567 /* LandmarkRow.swift */,
				AC4AAEA92BEE0A530088D567 /* LandmarkList.swift */,
				AC4AAEAB2BEE0BBD0088D567 /* LandmarkDetail.swift */,
			);
			path = Views;
			sourceTree = "<group>";
		};
		AC4AAEA62BEE08150088D567 /* Resources */ = {
			isa = PBXGroup;
			children = (
				AC4AAEA72BEE08210088D567 /* landmarkData.json */,
			);
			path = Resources;
			sourceTree = "<group>";
		};
		AC4AAEC92BEE7E460088D567 /* Helper */ = {
			isa = PBXGroup;
			children = (
				AC4AAE992BED05900088D567 /* MapView.swift */,
				AC4AAE972BED03300088D567 /* CircleImage.swift */,
				AC4AAEC72BEE7DA30088D567 /* FavoriteButton.swift */,
			);
			path = Helper;
			sourceTree = "<group>";
		};
/* End PBXGroup section */

/* Begin PBXNativeTarget section */
		AC4AAE852BECF5FD0088D567 /* LandMarks */ = {
			isa = PBXNativeTarget;
			buildConfigurationList = AC4AAE942BECF5FE0088D567 /* Build configuration list for PBXNativeTarget "LandMarks" */;
			buildPhases = (
				AC4AAE822BECF5FD0088D567 /* Sources */,
				AC4AAE832BECF5FD0088D567 /* Frameworks */,
				AC4AAE842BECF5FD0088D567 /* Resources */,
			);
			buildRules = (
			);
			dependencies = (
			);
			name = LandMarks;
			productName = LandMarks;
			productReference = AC4AAE862BECF5FD0088D567 /* LandMarks.app */;
			productType = "com.apple.product-type.application";
		};
/* End PBXNativeTarget section */

/* Begin PBXProject section */
		AC4AAE7E2BECF5FD0088D567 /* Project object */ = {
			isa = PBXProject;
			attributes = {
				BuildIndependentTargetsInParallel = 1;
				LastSwiftUpdateCheck = 1530;
				LastUpgradeCheck = 1530;
				TargetAttributes = {
					AC4AAE852BECF5FD0088D567 = {
						CreatedOnToolsVersion = 15.3;
					};
				};
			};
			buildConfigurationList = AC4AAE812BECF5FD0088D567 /* Build configuration list for PBXProject "LandMarks" */;
			compatibilityVersion = "Xcode 14.0";
			developmentRegion = en;
			hasScannedForEncodings = 0;
			knownRegions = (
				en,
				Base,
			);
			mainGroup = AC4AAE7D2BECF5FD0088D567;
			productRefGroup = AC4AAE872BECF5FD0088D567 /* Products */;
			projectDirPath = "";
			projectRoot = "";
			targets = (
				AC4AAE852BECF5FD0088D567 /* LandMarks */,
			);
		};
/* End PBXProject section */

/* Begin PBXResourcesBuildPhase section */
		AC4AAE842BECF5FD0088D567 /* Resources */ = {
			isa = PBXResourcesBuildPhase;
			buildActionMask = 2147483647;
			files = (
				AC4AAE912BECF5FE0088D567 /* Preview Assets.xcassets in Resources */,
				AC4AAE8E2BECF5FE0088D567 /* Assets.xcassets in Resources */,
				AC4AAEA82BEE08210088D567 /* landmarkData.json in Resources */,
			);
			runOnlyForDeploymentPostprocessing = 0;
		};
/* End PBXResourcesBuildPhase section */

/* Begin PBXSourcesBuildPhase section */
		AC4AAE822BECF5FD0088D567 /* Sources */ = {
			isa = PBXSourcesBuildPhase;
			buildActionMask = 2147483647;
			files = (
				AC4AAE8C2BECF5FD0088D567 /* ContentView.swift in Sources */,
				AC4AAE9A2BED05900088D567 /* MapView.swift in Sources */,
				AC4AAE8A2BECF5FD0088D567 /* LandMarksApp.swift in Sources */,
				AC4AAEC82BEE7DA30088D567 /* FavoriteButton.swift in Sources */,
				AC4AAEAA2BEE0A530088D567 /* LandmarkList.swift in Sources */,
				AC4AAEAC2BEE0BBD0088D567 /* LandmarkDetail.swift in Sources */,
				AC4AAE982BED03300088D567 /* CircleImage.swift in Sources */,
				AC4AAE9D2BEE018A0088D567 /* Landmark.swift in Sources */,
				AC4AAEA22BEE05730088D567 /* LandmarkRow.swift in Sources */,
				AC4AAE9F2BEE03570088D567 /* ModelData.swift in Sources */,
			);
			runOnlyForDeploymentPostprocessing = 0;
		};
/* End PBXSourcesBuildPhase section */

/* Begin XCBuildConfiguration section */
		AC4AAE922BECF5FE0088D567 /* Debug */ = {
			isa = XCBuildConfiguration;
			buildSettings = {
				ALWAYS_SEARCH_USER_PATHS = NO;
				ASSETCATALOG_COMPILER_GENERATE_SWIFT_ASSET_SYMBOL_EXTENSIONS = YES;
				CLANG_ANALYZER_NONNULL = YES;
				CLANG_ANALYZER_NUMBER_OBJECT_CONVERSION = YES_AGGRESSIVE;
				CLANG_CXX_LANGUAGE_STANDARD = "gnu++20";
				CLANG_ENABLE_MODULES = YES;
				CLANG_ENABLE_OBJC_ARC = YES;
				CLANG_ENABLE_OBJC_WEAK = YES;
				CLANG_WARN_BLOCK_CAPTURE_AUTORELEASING = YES;
				CLANG_WARN_BOOL_CONVERSION = YES;
				CLANG_WARN_COMMA = YES;
				CLANG_WARN_CONSTANT_CONVERSION = YES;
				CLANG_WARN_DEPRECATED_OBJC_IMPLEMENTATIONS = YES;
				CLANG_WARN_DIRECT_OBJC_ISA_USAGE = YES_ERROR;
				CLANG_WARN_DOCUMENTATION_COMMENTS = YES;
				CLANG_WARN_EMPTY_BODY = YES;
				CLANG_WARN_ENUM_CONVERSION = YES;
				CLANG_WARN_INFINITE_RECURSION = YES;
				CLANG_WARN_INT_CONVERSION = YES;
				CLANG_WARN_NON_LITERAL_NULL_CONVERSION = YES;
				CLANG_WARN_OBJC_IMPLICIT_RETAIN_SELF = YES;
				CLANG_WARN_OBJC_LITERAL_CONVERSION = YES;
				CLANG_WARN_OBJC_ROOT_CLASS = YES_ERROR;
				CLANG_WARN_QUOTED_INCLUDE_IN_FRAMEWORK_HEADER = YES;
				CLANG_WARN_RANGE_LOOP_ANALYSIS = YES;
				CLANG_WARN_STRICT_PROTOTYPES = YES;
				CLANG_WARN_SUSPICIOUS_MOVE = YES;
				CLANG_WARN_UNGUARDED_AVAILABILITY = YES_AGGRESSIVE;
				CLANG_WARN_UNREACHABLE_CODE = YES;
				CLANG_WARN__DUPLICATE_METHOD_MATCH = YES;
				COPY_PHASE_STRIP = NO;
				DEBUG_INFORMATION_FORMAT = dwarf;
				ENABLE_STRICT_OBJC_MSGSEND = YES;
				ENABLE_TESTABILITY = YES;
				ENABLE_USER_SCRIPT_SANDBOXING = YES;
				GCC_C_LANGUAGE_STANDARD = gnu17;
				GCC_DYNAMIC_NO_PIC = NO;
				GCC_NO_COMMON_BLOCKS = YES;
				GCC_OPTIMIZATION_LEVEL = 0;
				GCC_PREPROCESSOR_DEFINITIONS = (
					"DEBUG=1",
					"$(inherited)",
				);
				GCC_WARN_64_TO_32_BIT_CONVERSION = YES;
				GCC_WARN_ABOUT_RETURN_TYPE = YES_ERROR;
				GCC_WARN_UNDECLARED_SELECTOR = YES;
				GCC_WARN_UNINITIALIZED_AUTOS = YES_AGGRESSIVE;
				GCC_WARN_UNUSED_FUNCTION = YES;
				GCC_WARN_UNUSED_VARIABLE = YES;
				IPHONEOS_DEPLOYMENT_TARGET = 17.4;
				LOCALIZATION_PREFERS_STRING_CATALOGS = YES;
				MTL_ENABLE_DEBUG_INFO = INCLUDE_SOURCE;
				MTL_FAST_MATH = YES;
				ONLY_ACTIVE_ARCH = YES;
				SDKROOT = iphoneos;
				SWIFT_ACTIVE_COMPILATION_CONDITIONS = "DEBUG $(inherited)";
				SWIFT_OPTIMIZATION_LEVEL = "-Onone";
			};
			name = Debug;
		};
		AC4AAE932BECF5FE0088D567 /* Release */ = {
			isa = XCBuildConfiguration;
			buildSettings = {
				ALWAYS_SEARCH_USER_PATHS = NO;
				ASSETCATALOG_COMPILER_GENERATE_SWIFT_ASSET_SYMBOL_EXTENSIONS = YES;
				CLANG_ANALYZER_NONNULL = YES;
				CLANG_ANALYZER_NUMBER_OBJECT_CONVERSION = YES_AGGRESSIVE;
				CLANG_CXX_LANGUAGE_STANDARD = "gnu++20";
				CLANG_ENABLE_MODULES = YES;
				CLANG_ENABLE_OBJC_ARC = YES;
				CLANG_ENABLE_OBJC_WEAK = YES;
				CLANG_WARN_BLOCK_CAPTURE_AUTORELEASING = YES;
				CLANG_WARN_BOOL_CONVERSION = YES;
				CLANG_WARN_COMMA = YES;
				CLANG_WARN_CONSTANT_CONVERSION = YES;
				CLANG_WARN_DEPRECATED_OBJC_IMPLEMENTATIONS = YES;
				CLANG_WARN_DIRECT_OBJC_ISA_USAGE = YES_ERROR;
				CLANG_WARN_DOCUMENTATION_COMMENTS = YES;
				CLANG_WARN_EMPTY_BODY = YES;
				CLANG_WARN_ENUM_CONVERSION = YES;
				CLANG_WARN_INFINITE_RECURSION = YES;
				CLANG_WARN_INT_CONVERSION = YES;
				CLANG_WARN_NON_LITERAL_NULL_CONVERSION = YES;
				CLANG_WARN_OBJC_IMPLICIT_RETAIN_SELF = YES;
				CLANG_WARN_OBJC_LITERAL_CONVERSION = YES;
				CLANG_WARN_OBJC_ROOT_CLASS = YES_ERROR;
				CLANG_WARN_QUOTED_INCLUDE_IN_FRAMEWORK_HEADER = YES;
				CLANG_WARN_RANGE_LOOP_ANALYSIS = YES;
				CLANG_WARN_STRICT_PROTOTYPES = YES;
				CLANG_WARN_SUSPICIOUS_MOVE = YES;
				CLANG_WARN_UNGUARDED_AVAILABILITY = YES_AGGRESSIVE;
				CLANG_WARN_UNREACHABLE_CODE = YES;
				CLANG_WARN__DUPLICATE_METHOD_MATCH = YES;
				COPY_PHASE_STRIP = NO;
				DEBUG_INFORMATION_FORMAT = "dwarf-with-dsym";
				ENABLE_NS_ASSERTIONS = NO;
				ENABLE_STRICT_OBJC_MSGSEND = YES;
				ENABLE_USER_SCRIPT_SANDBOXING = YES;
				GCC_C_LANGUAGE_STANDARD = gnu17;
				GCC_NO_COMMON_BLOCKS = YES;
				GCC_WARN_64_TO_32_BIT_CONVERSION = YES;
				GCC_WARN_ABOUT_RETURN_TYPE = YES_ERROR;
				GCC_WARN_UNDECLARED_SELECTOR = YES;
				GCC_WARN_UNINITIALIZED_AUTOS = YES_AGGRESSIVE;
				GCC_WARN_UNUSED_FUNCTION = YES;
				GCC_WARN_UNUSED_VARIABLE = YES;
				IPHONEOS_DEPLOYMENT_TARGET = 17.4;
				LOCALIZATION_PREFERS_STRING_CATALOGS = YES;
				MTL_ENABLE_DEBUG_INFO = NO;
				MTL_FAST_MATH = YES;
				SDKROOT = iphoneos;
				SWIFT_COMPILATION_MODE = wholemodule;
				VALIDATE_PRODUCT = YES;
			};
			name = Release;
		};
		AC4AAE952BECF5FE0088D567 /* Debug */ = {
			isa = XCBuildConfiguration;
			buildSettings = {
				ASSETCATALOG_COMPILER_APPICON_NAME = AppIcon;
				ASSETCATALOG_COMPILER_GLOBAL_ACCENT_COLOR_NAME = AccentColor;
				CODE_SIGN_STYLE = Automatic;
				CURRENT_PROJECT_VERSION = 1;
				DEVELOPMENT_ASSET_PATHS = "\"LandMarks/Preview Content\"";
				DEVELOPMENT_TEAM = QX22D46FB2;
				ENABLE_PREVIEWS = YES;
				GENERATE_INFOPLIST_FILE = YES;
				INFOPLIST_KEY_UIApplicationSceneManifest_Generation = YES;
				INFOPLIST_KEY_UIApplicationSupportsIndirectInputEvents = YES;
				INFOPLIST_KEY_UILaunchScreen_Generation = YES;
				INFOPLIST_KEY_UISupportedInterfaceOrientations_iPad = "UIInterfaceOrientationPortrait UIInterfaceOrientationPortraitUpsideDown UIInterfaceOrientationLandscapeLeft UIInterfaceOrientationLandscapeRight";
				INFOPLIST_KEY_UISupportedInterfaceOrientations_iPhone = "UIInterfaceOrientationPortrait UIInterfaceOrientationLandscapeLeft UIInterfaceOrientationLandscapeRight";
				LD_RUNPATH_SEARCH_PATHS = (
					"$(inherited)",
					"@executable_path/Frameworks",
				);
				MARKETING_VERSION = 1.0;
				PRODUCT_BUNDLE_IDENTIFIER = com.blkd.LandMarks;
				PRODUCT_NAME = "$(TARGET_NAME)";
				SWIFT_EMIT_LOC_STRINGS = YES;
				SWIFT_VERSION = 5.0;
				TARGETED_DEVICE_FAMILY = "1,2";
			};
			name = Debug;
		};
		AC4AAE962BECF5FE0088D567 /* Release */ = {
			isa = XCBuildConfiguration;
			buildSettings = {
				ASSETCATALOG_COMPILER_APPICON_NAME = AppIcon;
				ASSETCATALOG_COMPILER_GLOBAL_ACCENT_COLOR_NAME = AccentColor;
				CODE_SIGN_STYLE = Automatic;
				CURRENT_PROJECT_VERSION = 1;
				DEVELOPMENT_ASSET_PATHS = "\"LandMarks/Preview Content\"";
				DEVELOPMENT_TEAM = QX22D46FB2;
				ENABLE_PREVIEWS = YES;
				GENERATE_INFOPLIST_FILE = YES;
				INFOPLIST_KEY_UIApplicationSceneManifest_Generation = YES;
				INFOPLIST_KEY_UIApplicationSupportsIndirectInputEvents = YES;
				INFOPLIST_KEY_UILaunchScreen_Generation = YES;
				INFOPLIST_KEY_UISupportedInterfaceOrientations_iPad = "UIInterfaceOrientationPortrait UIInterfaceOrientationPortraitUpsideDown UIInterfaceOrientationLandscapeLeft UIInterfaceOrientationLandscapeRight";
				INFOPLIST_KEY_UISupportedInterfaceOrientations_iPhone = "UIInterfaceOrientationPortrait UIInterfaceOrientationLandscapeLeft UIInterfaceOrientationLandscapeRight";
				LD_RUNPATH_SEARCH_PATHS = (
					"$(inherited)",
					"@executable_path/Frameworks",
				);
				MARKETING_VERSION = 1.0;
				PRODUCT_BUNDLE_IDENTIFIER = com.blkd.LandMarks;
				PRODUCT_NAME = "$(TARGET_NAME)";
				SWIFT_EMIT_LOC_STRINGS = YES;
				SWIFT_VERSION = 5.0;
				TARGETED_DEVICE_FAMILY = "1,2";
			};
			name = Release;
		};
/* End XCBuildConfiguration section */

/* Begin XCConfigurationList section */
		AC4AAE812BECF5FD0088D567 /* Build configuration list for PBXProject "LandMarks" */ = {
			isa = XCConfigurationList;
			buildConfigurations = (
				AC4AAE922BECF5FE0088D567 /* Debug */,
				AC4AAE932BECF5FE0088D567 /* Release */,
			);
			defaultConfigurationIsVisible = 0;
			defaultConfigurationName = Release;
		};
		AC4AAE942BECF5FE0088D567 /* Build configuration list for PBXNativeTarget "LandMarks" */ = {
			isa = XCConfigurationList;
			buildConfigurations = (
				AC4AAE952BECF5FE0088D567 /* Debug */,
				AC4AAE962BECF5FE0088D567 /* Release */,
			);
			defaultConfigurationIsVisible = 0;
			defaultConfigurationName = Release;
		};
/* End XCConfigurationList section */
	};
	rootObject = AC4AAE7E2BECF5FD0088D567 /* Project object */;
}
